
Microsoft Visual Studio Solution File, Format Version 12.00
# Visual Studio Version 17
VisualStudioVersion = 17.6.33723.286
MinimumVisualStudioVersion = 10.0.40219.1
Project("{FAE04EC0-301F-11D3-BF4B-00C04F79EFBC}") = "tetris", "tetris\tetris.csproj", "{FDBA8481-7960-4D43-BBE1-1594161BCAB8}"
EndProject
Global
	GlobalSection(SolutionConfigurationPlatforms) = preSolution
		Debug|Any CPU = Debug|Any CPU
		Release|Any CPU = Release|Any CPU
	EndGlobalSection
	GlobalSection(ProjectConfigurationPlatforms) = postSolution
		{FDBA8481-7960-4D43-BBE1-1594161BCAB8}.Debug|Any CPU.ActiveCfg = Debug|Any CPU
		{FDBA8481-7960-4D43-BBE1-1594161BCAB8}.Debug|Any CPU.Build.0 = Debug|Any CPU
		{FDBA8481-7960-4D43-BBE1-1594161BCAB8}.Release|Any CPU.ActiveCfg = Release|Any CPU
		{FDBA8481-7960-4D43-BBE1-1594161BCAB8}.Release|Any CPU.Build.0 = Release|Any CPU
	EndGlobalSection
	GlobalSection(SolutionProperties) = preSolution
		HideSolutionNode = FALSE
	EndGlobalSection
	GlobalSection(ExtensibilityGlobals) = postSolution
		SolutionGuid = {0683D4C7-EC8A-4AFB-A576-A8C57F7766C3}
	EndGlobalSection
EndGlobal
